
Microsoft Visual Studio Solution File, Format Version 12.00
# Visual Studio Version 16
VisualStudioVersion = 16.0.31019.35
MinimumVisualStudioVersion = 10.0.40219.1
Project("{FAE04EC0-301F-11D3-BF4B-00C04F79EFBC}") = "eKantina.Android", "eKantina.Android\eKantina.Android.csproj", "{EC17FD89-C997-4621-AD89-B8E2E00F60BC}"
EndProject
Project("{FAE04EC0-301F-11D3-BF4B-00C04F79EFBC}") = "eKantina.iOS", "eKantina.iOS\eKantina.iOS.csproj", "{772EEA6E-2C65-4534-83EA-1C42D11B4CD0}"
EndProject
Project("{FAE04EC0-301F-11D3-BF4B-00C04F79EFBC}") = "eKantina", "eKantina\eKantina.csproj", "{74750AB0-5988-412E-B101-DE755CB16C0C}"
EndProject
Global
	GlobalSection(SolutionConfigurationPlatforms) = preSolution
		Debug|Any CPU = Debug|Any CPU
		Debug|iPhone = Debug|iPhone
		Debug|iPhoneSimulator = Debug|iPhoneSimulator
		Release|Any CPU = Release|Any CPU
		Release|iPhone = Release|iPhone
		Release|iPhoneSimulator = Release|iPhoneSimulator
	EndGlobalSection
	GlobalSection(ProjectConfigurationPlatforms) = postSolution
		{EC17FD89-C997-4621-AD89-B8E2E00F60BC}.Debug|Any CPU.ActiveCfg = Debug|Any CPU
		{EC17FD89-C997-4621-AD89-B8E2E00F60BC}.Debug|Any CPU.Build.0 = Debug|Any CPU
		{EC17FD89-C997-4621-AD89-B8E2E00F60BC}.Debug|Any CPU.Deploy.0 = Debug|Any CPU
		{EC17FD89-C997-4621-AD89-B8E2E00F60BC}.Debug|iPhone.ActiveCfg = Debug|Any CPU
		{EC17FD89-C997-4621-AD89-B8E2E00F60BC}.Debug|iPhone.Build.0 = Debug|Any CPU
		{EC17FD89-C997-4621-AD89-B8E2E00F60BC}.Debug|iPhone.Deploy.0 = Debug|Any CPU
		{EC17FD89-C997-4621-AD89-B8E2E00F60BC}.Debug|iPhoneSimulator.ActiveCfg = Debug|Any CPU
		{EC17FD89-C997-4621-AD89-B8E2E00F60BC}.Debug|iPhoneSimulator.Build.0 = Debug|Any CPU
		{EC17FD89-C997-4621-AD89-B8E2E00F60BC}.Debug|iPhoneSimulator.Deploy.0 = Debug|Any CPU
		{EC17FD89-C997-4621-AD89-B8E2E00F60BC}.Release|Any CPU.ActiveCfg = Release|Any CPU
		{EC17FD89-C997-4621-AD89-B8E2E00F60BC}.Release|Any CPU.Build.0 = Release|Any CPU
		{EC17FD89-C997-4621-AD89-B8E2E00F60BC}.Release|Any CPU.Deploy.0 = Release|Any CPU
		{EC17FD89-C997-4621-AD89-B8E2E00F60BC}.Release|iPhone.ActiveCfg = Release|Any CPU
		{EC17FD89-C997-4621-AD89-B8E2E00F60BC}.Release|iPhone.Build.0 = Release|Any CPU
		{EC17FD89-C997-4621-AD89-B8E2E00F60BC}.Release|iPhone.Deploy.0 = Release|Any CPU
		{EC17FD89-C997-4621-AD89-B8E2E00F60BC}.Release|iPhoneSimulator.ActiveCfg = Release|Any CPU
		{EC17FD89-C997-4621-AD89-B8E2E00F60BC}.Release|iPhoneSimulator.Build.0 = Release|Any CPU
		{EC17FD89-C997-4621-AD89-B8E2E00F60BC}.Release|iPhoneSimulator.Deploy.0 = Release|Any CPU
		{772EEA6E-2C65-4534-83EA-1C42D11B4CD0}.Debug|Any CPU.ActiveCfg = Debug|iPhone
		{772EEA6E-2C65-4534-83EA-1C42D11B4CD0}.Debug|Any CPU.Build.0 = Debug|iPhone
		{772EEA6E-2C65-4534-83EA-1C42D11B4CD0}.Debug|Any CPU.Deploy.0 = Debug|iPhone
		{772EEA6E-2C65-4534-83EA-1C42D11B4CD0}.Debug|iPhone.ActiveCfg = Debug|iPhone
		{772EEA6E-2C65-4534-83EA-1C42D11B4CD0}.Debug|iPhone.Build.0 = Debug|iPhone
		{772EEA6E-2C65-4534-83EA-1C42D11B4CD0}.Debug|iPhone.Deploy.0 = Debug|iPhone
		{772EEA6E-2C65-4534-83EA-1C42D11B4CD0}.Debug|iPhoneSimulator.ActiveCfg = Debug|iPhoneSimulator
		{772EEA6E-2C65-4534-83EA-1C42D11B4CD0}.Debug|iPhoneSimulator.Build.0 = Debug|iPhoneSimulator
		{772EEA6E-2C65-4534-83EA-1C42D11B4CD0}.Debug|iPhoneSimulator.Deploy.0 = Debug|iPhoneSimulator
		{772EEA6E-2C65-4534-83EA-1C42D11B4CD0}.Release|Any CPU.ActiveCfg = Release|iPhoneSimulator
		{772EEA6E-2C65-4534-83EA-1C42D11B4CD0}.Release|Any CPU.Build.0 = Release|iPhoneSimulator
		{772EEA6E-2C65-4534-83EA-1C42D11B4CD0}.Release|Any CPU.Deploy.0 = Release|iPhoneSimulator
		{772EEA6E-2C65-4534-83EA-1C42D11B4CD0}.Release|iPhone.ActiveCfg = Release|iPhone
		{772EEA6E-2C65-4534-83EA-1C42D11B4CD0}.Release|iPhone.Build.0 = Release|iPhone
		{772EEA6E-2C65-4534-83EA-1C42D11B4CD0}.Release|iPhone.Deploy.0 = Release|iPhone
		{772EEA6E-2C65-4534-83EA-1C42D11B4CD0}.Release|iPhoneSimulator.ActiveCfg = Release|iPhoneSimulator
		{772EEA6E-2C65-4534-83EA-1C42D11B4CD0}.Release|iPhoneSimulator.Build.0 = Release|iPhoneSimulator
		{772EEA6E-2C65-4534-83EA-1C42D11B4CD0}.Release|iPhoneSimulator.Deploy.0 = Release|iPhoneSimulator
		{74750AB0-5988-412E-B101-DE755CB16C0C}.Debug|Any CPU.ActiveCfg = Debug|Any CPU
		{74750AB0-5988-412E-B101-DE755CB16C0C}.Debug|Any CPU.Build.0 = Debug|Any CPU
		{74750AB0-5988-412E-B101-DE755CB16C0C}.Debug|Any CPU.Deploy.0 = Debug|Any CPU
		{74750AB0-5988-412E-B101-DE755CB16C0C}.Debug|iPhone.ActiveCfg = Debug|Any CPU
		{74750AB0-5988-412E-B101-DE755CB16C0C}.Debug|iPhone.Build.0 = Debug|Any CPU
		{74750AB0-5988-412E-B101-DE755CB16C0C}.Debug|iPhone.Deploy.0 = Debug|Any CPU
		{74750AB0-5988-412E-B101-DE755CB16C0C}.Debug|iPhoneSimulator.ActiveCfg = Debug|Any CPU
		{74750AB0-5988-412E-B101-DE755CB16C0C}.Debug|iPhoneSimulator.Build.0 = Debug|Any CPU
		{74750AB0-5988-412E-B101-DE755CB16C0C}.Debug|iPhoneSimulator.Deploy.0 = Debug|Any CPU
		{74750AB0-5988-412E-B101-DE755CB16C0C}.Release|Any CPU.ActiveCfg = Release|Any CPU
		{74750AB0-5988-412E-B101-DE755CB16C0C}.Release|Any CPU.Build.0 = Release|Any CPU
		{74750AB0-5988-412E-B101-DE755CB16C0C}.Release|Any CPU.Deploy.0 = Release|Any CPU
		{74750AB0-5988-412E-B101-DE755CB16C0C}.Release|iPhone.ActiveCfg = Release|Any CPU
		{74750AB0-5988-412E-B101-DE755CB16C0C}.Release|iPhone.Build.0 = Release|Any CPU
		{74750AB0-5988-412E-B101-DE755CB16C0C}.Release|iPhone.Deploy.0 = Release|Any CPU
		{74750AB0-5988-412E-B101-DE755CB16C0C}.Release|iPhoneSimulator.ActiveCfg = Release|Any CPU
		{74750AB0-5988-412E-B101-DE755CB16C0C}.Release|iPhoneSimulator.Build.0 = Release|Any CPU
		{74750AB0-5988-412E-B101-DE755CB16C0C}.Release|iPhoneSimulator.Deploy.0 = Release|Any CPU
	EndGlobalSection
	GlobalSection(SolutionProperties) = preSolution
		HideSolutionNode = FALSE
	EndGlobalSection
	GlobalSection(ExtensibilityGlobals) = postSolution
		SolutionGuid = {64F58C61-6973-49F6-94EC-7EA33494BC1E}
	EndGlobalSection
EndGlobal
